{
  "name": "bookish_admin",
  "version": "1.0.0",
  "lockfileVersion": 1,
  "requires": true,
  "dependencies": {
    "@ckeditor/ckeditor5-clipboard": {
      "version": "31.1.0",
      "resolved": "https://registry.npmjs.org/@ckeditor/ckeditor5-clipboard/-/ckeditor5-clipboard-31.1.0.tgz",
      "integrity": "sha512-rHvswGs4Q/ZiKPGk0J7+Nrb3mqNugKQFOXA7SSecOI9ZRt6hIxr4fgj4ccb8ceuHNr2vJNmTGC8jjKX7wGHPbw==",
      "dev": true,
      "requires": {
        "@ckeditor/ckeditor5-core": "^31.1.0",
        "@ckeditor/ckeditor5-engine": "^31.1.0",
        "@ckeditor/ckeditor5-utils": "^31.1.0",
        "@ckeditor/ckeditor5-widget": "^31.1.0",
        "lodash-es": "^4.17.11"
      }
    },
    "@ckeditor/ckeditor5-code-block": {
      "version": "31.1.0",
      "resolved": "https://registry.npmjs.org/@ckeditor/ckeditor5-code-block/-/ckeditor5-code-block-31.1.0.tgz",
      "integrity": "sha512-xheqHsal4HEQxiaKOhI4IEW/AOHAchqGagpcQpVwKlRgRq7HoI2Ws/ceYq1jmJimhEh0lKaRz+Q1Xg7Ff41pMg==",
      "dev": true,
      "requires": {
        "ckeditor5": "^31.1.0"
      }
    },
    "@ckeditor/ckeditor5-core": {
      "version": "31.1.0",
      "resolved": "https://registry.npmjs.org/@ckeditor/ckeditor5-core/-/ckeditor5-core-31.1.0.tgz",
      "integrity": "sha512-5BUosLrUliV2NZ9DAW48Za/4P3QWmwKMoHohCvq7Jq9Us6TQCnEKauUNexJFDAWqUAdN2WlqaVdSL+FmfhmzSA==",
      "dev": true,
      "requires": {
        "@ckeditor/ckeditor5-engine": "^31.1.0",
        "@ckeditor/ckeditor5-ui": "^31.1.0",
        "@ckeditor/ckeditor5-utils": "^31.1.0",
        "lodash-es": "^4.17.15"
      }
    },
    "@ckeditor/ckeditor5-engine": {
      "version": "31.1.0",
      "resolved": "https://registry.npmjs.org/@ckeditor/ckeditor5-engine/-/ckeditor5-engine-31.1.0.tgz",
      "integrity": "sha512-lHZjdKKeBWR4N2rk4rdnxDtdE3F1Q7Z2Ag2RgHG8GT3J6s2BNx/z++9GxhlCKPR3TQ70XWCLBLGXuFHXIvU0Kg==",
      "dev": true,
      "requires": {
        "@ckeditor/ckeditor5-utils": "^31.1.0",
        "lodash-es": "^4.17.15"
      }
    },
    "@ckeditor/ckeditor5-enter": {
      "version": "31.1.0",
      "resolved": "https://registry.npmjs.org/@ckeditor/ckeditor5-enter/-/ckeditor5-enter-31.1.0.tgz",
      "integrity": "sha512-9K5d12lCfvnUGESwxpu2UJCLsAaa40QR4JgVHKV0CZpERfcsvcF3XdM8cggS/Ovin2TBq1w+tXhOKbop5Why9Q==",
      "dev": true,
      "requires": {
        "@ckeditor/ckeditor5-core": "^31.1.0",
        "@ckeditor/ckeditor5-engine": "^31.1.0",
        "@ckeditor/ckeditor5-utils": "^31.1.0"
      }
    },
    "@ckeditor/ckeditor5-media-embed": {
      "version": "31.1.0",
      "resolved": "https://registry.npmjs.org/@ckeditor/ckeditor5-media-embed/-/ckeditor5-media-embed-31.1.0.tgz",
      "integrity": "sha512-/MflPFvjWnbdL2Pv+MtgKQPubLYPdH/I2BUKQkRGPdFBhdfiC9fcZWC+JzGw+GQzs4jVcgjKrnaz0fGHlIpjtA==",
      "dev": true,
      "requires": {
        "@ckeditor/ckeditor5-ui": "^31.1.0",
        "ckeditor5": "^31.1.0"
      }
    },
    "@ckeditor/ckeditor5-paragraph": {
      "version": "31.1.0",
      "resolved": "https://registry.npmjs.org/@ckeditor/ckeditor5-paragraph/-/ckeditor5-paragraph-31.1.0.tgz",
      "integrity": "sha512-rltzxwcKwR6mxZqomKLkrdLuVkkeKiESv7bweVY9VcPb7hk0BiLZcYkLqsOlfkZHWHWCiQ+5UDR8ctuaVmiUjg==",
      "dev": true,
      "requires": {
        "@ckeditor/ckeditor5-core": "^31.1.0",
        "@ckeditor/ckeditor5-ui": "^31.1.0",
        "@ckeditor/ckeditor5-utils": "^31.1.0"
      }
    },
    "@ckeditor/ckeditor5-select-all": {
      "version": "31.1.0",
      "resolved": "https://registry.npmjs.org/@ckeditor/ckeditor5-select-all/-/ckeditor5-select-all-31.1.0.tgz",
      "integrity": "sha512-d6bTtuZLoBN61jPjbY562awfRYy+xhnCEIilsoRLb04mFNa6HnFs/mZtNIFqrm7dYZWSkJz9+1XwQouYW+kGqQ==",
      "dev": true,
      "requires": {
        "@ckeditor/ckeditor5-core": "^31.1.0",
        "@ckeditor/ckeditor5-ui": "^31.1.0",
        "@ckeditor/ckeditor5-utils": "^31.1.0"
      }
    },
    "@ckeditor/ckeditor5-typing": {
      "version": "31.1.0",
      "resolved": "https://registry.npmjs.org/@ckeditor/ckeditor5-typing/-/ckeditor5-typing-31.1.0.tgz",
      "integrity": "sha512-juskFEb1YrXLS+wcLEnc3GZtqkq95Q13sNAAyvKaEXzNphy4PBv+odLAwP7KCrxifVf278bgVxGDV5GPPAenOA==",
      "dev": true,
      "requires": {
        "@ckeditor/ckeditor5-core": "^31.1.0",
        "@ckeditor/ckeditor5-engine": "^31.1.0",
        "@ckeditor/ckeditor5-utils": "^31.1.0",
        "lodash-es": "^4.17.15"
      }
    },
    "@ckeditor/ckeditor5-ui": {
      "version": "31.1.0",
      "resolved": "https://registry.npmjs.org/@ckeditor/ckeditor5-ui/-/ckeditor5-ui-31.1.0.tgz",
      "integrity": "sha512-fHBLsRK7XRxeewm1NH9idU4zUguhysQPEmEhqWOi+GRt2I0pYrc22GYNJF3yKMqp1LfiLi7GAT66X2RL9rCEaQ==",
      "dev": true,
      "requires": {
        "@ckeditor/ckeditor5-core": "^31.1.0",
        "@ckeditor/ckeditor5-utils": "^31.1.0",
        "lodash-es": "^4.17.15"
      }
    },
    "@ckeditor/ckeditor5-undo": {
      "version": "31.1.0",
      "resolved": "https://registry.npmjs.org/@ckeditor/ckeditor5-undo/-/ckeditor5-undo-31.1.0.tgz",
      "integrity": "sha512-eNWEP9E5Ji2W7NU6vCKOqjYW0+/xwXGkiExboTApudJDT1IWu2hqoaVQ+3eEWHWJbqCxIRSHif6+uYEBIoInXg==",
      "dev": true,
      "requires": {
        "@ckeditor/ckeditor5-core": "^31.1.0",
        "@ckeditor/ckeditor5-engine": "^31.1.0",
        "@ckeditor/ckeditor5-ui": "^31.1.0"
      }
    },
    "@ckeditor/ckeditor5-upload": {
      "version": "31.1.0",
      "resolved": "https://registry.npmjs.org/@ckeditor/ckeditor5-upload/-/ckeditor5-upload-31.1.0.tgz",
      "integrity": "sha512-j+FNllYawZgTWCVOUSce/34SMfwgqNa2F7yvdmw4pmPSl8mlSZxSEYA9mLqbKpXwsuFY0iY14JQEB2bngNgTbA==",
      "dev": true,
      "requires": {
        "@ckeditor/ckeditor5-core": "^31.1.0",
        "@ckeditor/ckeditor5-ui": "^31.1.0",
        "@ckeditor/ckeditor5-utils": "^31.1.0"
      }
    },
    "@ckeditor/ckeditor5-utils": {
      "version": "31.1.0",
      "resolved": "https://registry.npmjs.org/@ckeditor/ckeditor5-utils/-/ckeditor5-utils-31.1.0.tgz",
      "integrity": "sha512-l2C2m8uLxKTblXX6SY+k40tK9U4pFZ2WCYP1dc3B0qz5an+h7e5EqRz3kFs+MVw0HM6VCYWDFql/JZDAFonOmQ==",
      "dev": true,
      "requires": {
        "lodash-es": "^4.17.15"
      }
    },
    "@ckeditor/ckeditor5-widget": {
      "version": "31.1.0",
      "resolved": "https://registry.npmjs.org/@ckeditor/ckeditor5-widget/-/ckeditor5-widget-31.1.0.tgz",
      "integrity": "sha512-e/B2qjgwXHuj/Qo+cGAM7j3NTPXvTikL+wjEF5sh5a0w5el9Sv97tzew5rojkZ6ypQykE+1ue+F579b74n7QiQ==",
      "dev": true,
      "requires": {
        "@ckeditor/ckeditor5-core": "^31.1.0",
        "@ckeditor/ckeditor5-engine": "^31.1.0",
        "@ckeditor/ckeditor5-enter": "^31.1.0",
        "@ckeditor/ckeditor5-typing": "^31.1.0",
        "@ckeditor/ckeditor5-ui": "^31.1.0",
        "@ckeditor/ckeditor5-utils": "^31.1.0",
        "lodash-es": "^4.17.15"
      }
    },
    "@yaireo/dragsort": {
      "version": "1.2.0",
      "resolved": "https://registry.npmjs.org/@yaireo/dragsort/-/dragsort-1.2.0.tgz",
      "integrity": "sha512-TLB0zENxi65LpzskrQwL9S4lc6VAlsu8v54iIUUfNQFfQuY2G4/2ykokyfh+aIQN3sq3kTNIPP3DHQGVf5hKqA==",
      "dev": true
    },
    "@yaireo/tagify": {
      "version": "4.9.4",
      "resolved": "https://registry.npmjs.org/@yaireo/tagify/-/tagify-4.9.4.tgz",
      "integrity": "sha512-ZV8GLKw3yD1Hvh1xNqO1z0Sl+kykL2mQWIwSwQJhAtEVt62TyXRB2kPw5J3iGm4ewK9SM/LPT9WfjuJc7FBKVA==",
      "dev": true
    },
    "ckeditor5": {
      "version": "31.1.0",
      "resolved": "https://registry.npmjs.org/ckeditor5/-/ckeditor5-31.1.0.tgz",
      "integrity": "sha512-uuU5JNeiLFIv6oMtSmHdKOmgO8ZjqoSqV/rJWSpc9yxXbhjjs3Gdb6lbF9f0V5OCvQSIBCTtYVYllzfXAXMyqA==",
      "dev": true,
      "requires": {
        "@ckeditor/ckeditor5-clipboard": "^31.1.0",
        "@ckeditor/ckeditor5-core": "^31.1.0",
        "@ckeditor/ckeditor5-engine": "^31.1.0",
        "@ckeditor/ckeditor5-enter": "^31.1.0",
        "@ckeditor/ckeditor5-paragraph": "^31.1.0",
        "@ckeditor/ckeditor5-select-all": "^31.1.0",
        "@ckeditor/ckeditor5-typing": "^31.1.0",
        "@ckeditor/ckeditor5-ui": "^31.1.0",
        "@ckeditor/ckeditor5-undo": "^31.1.0",
        "@ckeditor/ckeditor5-upload": "^31.1.0",
        "@ckeditor/ckeditor5-utils": "^31.1.0",
        "@ckeditor/ckeditor5-widget": "^31.1.0"
      }
    },
    "lodash-es": {
      "version": "4.17.21",
      "resolved": "https://registry.npmjs.org/lodash-es/-/lodash-es-4.17.21.tgz",
      "integrity": "sha512-mKnC+QJ9pWVzv+C4/U3rRsHapFfHvQFoFB92e52xeyGMcX6/OlIl78je1u8vePzYZSkkogMPJ2yjxxsb89cxyw==",
      "dev": true
    }
  }
}
