{
  "name": "bookish_tags",
  "version": "1.0.0",
  "lockfileVersion": 1,
  "requires": true,
  "dependencies": {
    "@yaireo/dragsort": {
      "version": "1.2.0",
      "resolved": "https://registry.npmjs.org/@yaireo/dragsort/-/dragsort-1.2.0.tgz",
      "integrity": "sha512-TLB0zENxi65LpzskrQwL9S4lc6VAlsu8v54iIUUfNQFfQuY2G4/2ykokyfh+aIQN3sq3kTNIPP3DHQGVf5hKqA==",
      "dev": true
    },
    "@yaireo/tagify": {
      "version": "4.9.4",
      "resolved": "https://registry.npmjs.org/@yaireo/tagify/-/tagify-4.9.4.tgz",
      "integrity": "sha512-ZV8GLKw3yD1Hvh1xNqO1z0Sl+kykL2mQWIwSwQJhAtEVt62TyXRB2kPw5J3iGm4ewK9SM/LPT9WfjuJc7FBKVA==",
      "dev": true
    }
  }
}
